// !$*UTF8*$!
{
	archiveVersion = 1;
	classes = {
	};
	objectVersion = 48;
	objects = {

/* Begin PBXBuildFile section */
		9F31F3231FC0A08600A01E77 /* main.swift in Sources */ = {isa = PBXBuildFile; fileRef = 9F31F3221FC0A08600A01E77 /* main.swift */; };
		9F31F32C1FC0BC8600A01E77 /* SkyPlugAdapter.swift in Sources */ = {isa = PBXBuildFile; fileRef = 9F31F32B1FC0BC8600A01E77 /* SkyPlugAdapter.swift */; };
		9F31F32E1FC0CDD100A01E77 /* SkyPlugAdapterSyncWrapper.swift in Sources */ = {isa = PBXBuildFile; fileRef = 9F31F32D1FC0CDD100A01E77 /* SkyPlugAdapterSyncWrapper.swift */; };
		9F31F3311FC0DFE500A01E77 /* Log.swift in Sources */ = {isa = PBXBuildFile; fileRef = 9F31F3301FC0DFE500A01E77 /* Log.swift */; };
		9F31F3331FC0E14600A01E77 /* Arguments.swift in Sources */ = {isa = PBXBuildFile; fileRef = 9F31F3321FC0E14600A01E77 /* Arguments.swift */; };
		9F31F3351FC1260B00A01E77 /* ConfigFile.swift in Sources */ = {isa = PBXBuildFile; fileRef = 9F31F3341FC1260B00A01E77 /* ConfigFile.swift */; };
		9F31F3371FC130C500A01E77 /* skyplugfile in CopyFiles */ = {isa = PBXBuildFile; fileRef = 9F31F3361FC12CCF00A01E77 /* skyplugfile */; };
		9F31F33A1FC13D2500A01E77 /* SkyPlugAdapterState.swift in Sources */ = {isa = PBXBuildFile; fileRef = 9F31F3391FC13D2500A01E77 /* SkyPlugAdapterState.swift */; };
		9F31F33C1FC13D4000A01E77 /* SkyPlugAdapterDelegate.swift in Sources */ = {isa = PBXBuildFile; fileRef = 9F31F33B1FC13D4000A01E77 /* SkyPlugAdapterDelegate.swift */; };
		9F31F33E1FC1427000A01E77 /* SkyPlugSyncAdapter.swift in Sources */ = {isa = PBXBuildFile; fileRef = 9F31F33D1FC1427000A01E77 /* SkyPlugSyncAdapter.swift */; };
		9F31F3401FC143A900A01E77 /* SkyPlugAdapterMakeDefault.swift in Sources */ = {isa = PBXBuildFile; fileRef = 9F31F33F1FC143A900A01E77 /* SkyPlugAdapterMakeDefault.swift */; };
		9F31F3431FC143CE00A01E77 /* UInt8+HexString.swift in Sources */ = {isa = PBXBuildFile; fileRef = 9F31F3421FC143CE00A01E77 /* UInt8+HexString.swift */; };
		9F31F3451FC143EC00A01E77 /* CBManagerState+Description.swift in Sources */ = {isa = PBXBuildFile; fileRef = 9F31F3441FC143EC00A01E77 /* CBManagerState+Description.swift */; };
		9F31F3471FC143FF00A01E77 /* String+Hex.swift in Sources */ = {isa = PBXBuildFile; fileRef = 9F31F3461FC143FF00A01E77 /* String+Hex.swift */; };
		9FC6AC411FC1C0DA00BFEE28 /* String+Error.swift in Sources */ = {isa = PBXBuildFile; fileRef = 9FC6AC401FC1C0DA00BFEE28 /* String+Error.swift */; };
		9FC6AC431FC1C76500BFEE28 /* CBPeripheral+Name.swift in Sources */ = {isa = PBXBuildFile; fileRef = 9FC6AC421FC1C76500BFEE28 /* CBPeripheral+Name.swift */; };
/* End PBXBuildFile section */

/* Begin PBXCopyFilesBuildPhase section */
		9F31F31D1FC0A08600A01E77 /* CopyFiles */ = {
			isa = PBXCopyFilesBuildPhase;
			buildActionMask = 12;
			dstPath = "";
			dstSubfolderSpec = 16;
			files = (
				9F31F3371FC130C500A01E77 /* skyplugfile in CopyFiles */,
			);
			runOnlyForDeploymentPostprocessing = 0;
		};
/* End PBXCopyFilesBuildPhase section */

/* Begin PBXFileReference section */
		9F31F31F1FC0A08600A01E77 /* skyplug */ = {isa = PBXFileReference; explicitFileType = "compiled.mach-o.executable"; includeInIndex = 0; path = skyplug; sourceTree = BUILT_PRODUCTS_DIR; };
		9F31F3221FC0A08600A01E77 /* main.swift */ = {isa = PBXFileReference; lastKnownFileType = sourcecode.swift; path = main.swift; sourceTree = "<group>"; };
		9F31F32B1FC0BC8600A01E77 /* SkyPlugAdapter.swift */ = {isa = PBXFileReference; lastKnownFileType = sourcecode.swift; path = SkyPlugAdapter.swift; sourceTree = "<group>"; };
		9F31F32D1FC0CDD100A01E77 /* SkyPlugAdapterSyncWrapper.swift */ = {isa = PBXFileReference; lastKnownFileType = sourcecode.swift; path = SkyPlugAdapterSyncWrapper.swift; sourceTree = "<group>"; };
		9F31F3301FC0DFE500A01E77 /* Log.swift */ = {isa = PBXFileReference; lastKnownFileType = sourcecode.swift; path = Log.swift; sourceTree = "<group>"; };
		9F31F3321FC0E14600A01E77 /* Arguments.swift */ = {isa = PBXFileReference; lastKnownFileType = sourcecode.swift; path = Arguments.swift; sourceTree = "<group>"; };
		9F31F3341FC1260B00A01E77 /* ConfigFile.swift */ = {isa = PBXFileReference; lastKnownFileType = sourcecode.swift; path = ConfigFile.swift; sourceTree = "<group>"; };
		9F31F3361FC12CCF00A01E77 /* skyplugfile */ = {isa = PBXFileReference; lastKnownFileType = text; path = skyplugfile; sourceTree = "<group>"; };
		9F31F3391FC13D2500A01E77 /* SkyPlugAdapterState.swift */ = {isa = PBXFileReference; lastKnownFileType = sourcecode.swift; path = SkyPlugAdapterState.swift; sourceTree = "<group>"; };
		9F31F33B1FC13D4000A01E77 /* SkyPlugAdapterDelegate.swift */ = {isa = PBXFileReference; lastKnownFileType = sourcecode.swift; path = SkyPlugAdapterDelegate.swift; sourceTree = "<group>"; };
		9F31F33D1FC1427000A01E77 /* SkyPlugSyncAdapter.swift */ = {isa = PBXFileReference; lastKnownFileType = sourcecode.swift; path = SkyPlugSyncAdapter.swift; sourceTree = "<group>"; };
		9F31F33F1FC143A900A01E77 /* SkyPlugAdapterMakeDefault.swift */ = {isa = PBXFileReference; lastKnownFileType = sourcecode.swift; path = SkyPlugAdapterMakeDefault.swift; sourceTree = "<group>"; };
		9F31F3421FC143CE00A01E77 /* UInt8+HexString.swift */ = {isa = PBXFileReference; lastKnownFileType = sourcecode.swift; path = "UInt8+HexString.swift"; sourceTree = "<group>"; };
		9F31F3441FC143EC00A01E77 /* CBManagerState+Description.swift */ = {isa = PBXFileReference; lastKnownFileType = sourcecode.swift; path = "CBManagerState+Description.swift"; sourceTree = "<group>"; };
		9F31F3461FC143FF00A01E77 /* String+Hex.swift */ = {isa = PBXFileReference; lastKnownFileType = sourcecode.swift; path = "String+Hex.swift"; sourceTree = "<group>"; };
		9FC6AC401FC1C0DA00BFEE28 /* String+Error.swift */ = {isa = PBXFileReference; lastKnownFileType = sourcecode.swift; path = "String+Error.swift"; sourceTree = "<group>"; };
		9FC6AC421FC1C76500BFEE28 /* CBPeripheral+Name.swift */ = {isa = PBXFileReference; lastKnownFileType = sourcecode.swift; path = "CBPeripheral+Name.swift"; sourceTree = "<group>"; };
/* End PBXFileReference section */

/* Begin PBXFrameworksBuildPhase section */
		9F31F31C1FC0A08600A01E77 /* Frameworks */ = {
			isa = PBXFrameworksBuildPhase;
			buildActionMask = 2147483647;
			files = (
			);
			runOnlyForDeploymentPostprocessing = 0;
		};
/* End PBXFrameworksBuildPhase section */

/* Begin PBXGroup section */
		9F31F3161FC0A08600A01E77 = {
			isa = PBXGroup;
			children = (
				9F31F3211FC0A08600A01E77 /* skyplug */,
				9F31F3201FC0A08600A01E77 /* Products */,
			);
			sourceTree = "<group>";
		};
		9F31F3201FC0A08600A01E77 /* Products */ = {
			isa = PBXGroup;
			children = (
				9F31F31F1FC0A08600A01E77 /* skyplug */,
			);
			name = Products;
			sourceTree = "<group>";
		};
		9F31F3211FC0A08600A01E77 /* skyplug */ = {
			isa = PBXGroup;
			children = (
				9F31F3221FC0A08600A01E77 /* main.swift */,
				9F31F3301FC0DFE500A01E77 /* Log.swift */,
				9F31F3321FC0E14600A01E77 /* Arguments.swift */,
				9F31F3341FC1260B00A01E77 /* ConfigFile.swift */,
				9F31F3411FC143BB00A01E77 /* Utils */,
				9F31F3381FC13CFB00A01E77 /* SkyPlug */,
				9F31F34A1FC144EA00A01E77 /* Resources */,
			);
			path = skyplug;
			sourceTree = "<group>";
		};
		9F31F3381FC13CFB00A01E77 /* SkyPlug */ = {
			isa = PBXGroup;
			children = (
				9F31F3491FC144BF00A01E77 /* SyncWrapper */,
				9F31F3481FC144AE00A01E77 /* Adapter */,
				9F31F33F1FC143A900A01E77 /* SkyPlugAdapterMakeDefault.swift */,
			);
			path = SkyPlug;
			sourceTree = "<group>";
		};
		9F31F3411FC143BB00A01E77 /* Utils */ = {
			isa = PBXGroup;
			children = (
				9F31F3421FC143CE00A01E77 /* UInt8+HexString.swift */,
				9F31F3441FC143EC00A01E77 /* CBManagerState+Description.swift */,
				9F31F3461FC143FF00A01E77 /* String+Hex.swift */,
				9FC6AC401FC1C0DA00BFEE28 /* String+Error.swift */,
				9FC6AC421FC1C76500BFEE28 /* CBPeripheral+Name.swift */,
			);
			path = Utils;
			sourceTree = "<group>";
		};
		9F31F3481FC144AE00A01E77 /* Adapter */ = {
			isa = PBXGroup;
			children = (
				9F31F32B1FC0BC8600A01E77 /* SkyPlugAdapter.swift */,
				9F31F3391FC13D2500A01E77 /* SkyPlugAdapterState.swift */,
				9F31F33B1FC13D4000A01E77 /* SkyPlugAdapterDelegate.swift */,
			);
			path = Adapter;
			sourceTree = "<group>";
		};
		9F31F3491FC144BF00A01E77 /* SyncWrapper */ = {
			isa = PBXGroup;
			children = (
				9F31F33D1FC1427000A01E77 /* SkyPlugSyncAdapter.swift */,
				9F31F32D1FC0CDD100A01E77 /* SkyPlugAdapterSyncWrapper.swift */,
			);
			path = SyncWrapper;
			sourceTree = "<group>";
		};
		9F31F34A1FC144EA00A01E77 /* Resources */ = {
			isa = PBXGroup;
			children = (
				9F31F3361FC12CCF00A01E77 /* skyplugfile */,
			);
			path = Resources;
			sourceTree = "<group>";
		};
/* End PBXGroup section */

/* Begin PBXNativeTarget section */
		9F31F31E1FC0A08600A01E77 /* skyplug */ = {
			isa = PBXNativeTarget;
			buildConfigurationList = 9F31F3261FC0A08600A01E77 /* Build configuration list for PBXNativeTarget "skyplug" */;
			buildPhases = (
				9F31F31B1FC0A08600A01E77 /* Sources */,
				9F31F31C1FC0A08600A01E77 /* Frameworks */,
				9F31F31D1FC0A08600A01E77 /* CopyFiles */,
			);
			buildRules = (
			);
			dependencies = (
			);
			name = skyplug;
			productName = skyplug;
			productReference = 9F31F31F1FC0A08600A01E77 /* skyplug */;
			productType = "com.apple.product-type.tool";
		};
/* End PBXNativeTarget section */

/* Begin PBXProject section */
		9F31F3171FC0A08600A01E77 /* Project object */ = {
			isa = PBXProject;
			attributes = {
				LastSwiftUpdateCheck = 0920;
				LastUpgradeCheck = 0920;
				ORGANIZATIONNAME = "Go About";
				TargetAttributes = {
					9F31F31E1FC0A08600A01E77 = {
						CreatedOnToolsVersion = 9.2;
						ProvisioningStyle = Manual;
					};
				};
			};
			buildConfigurationList = 9F31F31A1FC0A08600A01E77 /* Build configuration list for PBXProject "skyplug" */;
			compatibilityVersion = "Xcode 8.0";
			developmentRegion = en;
			hasScannedForEncodings = 0;
			knownRegions = (
				en,
			);
			mainGroup = 9F31F3161FC0A08600A01E77;
			productRefGroup = 9F31F3201FC0A08600A01E77 /* Products */;
			projectDirPath = "";
			projectRoot = "";
			targets = (
				9F31F31E1FC0A08600A01E77 /* skyplug */,
			);
		};
/* End PBXProject section */

/* Begin PBXSourcesBuildPhase section */
		9F31F31B1FC0A08600A01E77 /* Sources */ = {
			isa = PBXSourcesBuildPhase;
			buildActionMask = 2147483647;
			files = (
				9F31F3451FC143EC00A01E77 /* CBManagerState+Description.swift in Sources */,
				9FC6AC411FC1C0DA00BFEE28 /* String+Error.swift in Sources */,
				9F31F3311FC0DFE500A01E77 /* Log.swift in Sources */,
				9F31F32C1FC0BC8600A01E77 /* SkyPlugAdapter.swift in Sources */,
				9F31F33E1FC1427000A01E77 /* SkyPlugSyncAdapter.swift in Sources */,
				9F31F3471FC143FF00A01E77 /* String+Hex.swift in Sources */,
				9F31F33C1FC13D4000A01E77 /* SkyPlugAdapterDelegate.swift in Sources */,
				9F31F3401FC143A900A01E77 /* SkyPlugAdapterMakeDefault.swift in Sources */,
				9F31F3331FC0E14600A01E77 /* Arguments.swift in Sources */,
				9F31F3351FC1260B00A01E77 /* ConfigFile.swift in Sources */,
				9F31F3431FC143CE00A01E77 /* UInt8+HexString.swift in Sources */,
				9FC6AC431FC1C76500BFEE28 /* CBPeripheral+Name.swift in Sources */,
				9F31F32E1FC0CDD100A01E77 /* SkyPlugAdapterSyncWrapper.swift in Sources */,
				9F31F33A1FC13D2500A01E77 /* SkyPlugAdapterState.swift in Sources */,
				9F31F3231FC0A08600A01E77 /* main.swift in Sources */,
			);
			runOnlyForDeploymentPostprocessing = 0;
		};
/* End PBXSourcesBuildPhase section */

/* Begin XCBuildConfiguration section */
		9F31F3241FC0A08600A01E77 /* Debug */ = {
			isa = XCBuildConfiguration;
			buildSettings = {
				ALWAYS_SEARCH_USER_PATHS = NO;
				CLANG_ANALYZER_NONNULL = YES;
				CLANG_ANALYZER_NUMBER_OBJECT_CONVERSION = YES_AGGRESSIVE;
				CLANG_CXX_LANGUAGE_STANDARD = "gnu++14";
				CLANG_CXX_LIBRARY = "libc++";
				CLANG_ENABLE_MODULES = YES;
				CLANG_ENABLE_OBJC_ARC = YES;
				CLANG_WARN_BLOCK_CAPTURE_AUTORELEASING = YES;
				CLANG_WARN_BOOL_CONVERSION = YES;
				CLANG_WARN_COMMA = YES;
				CLANG_WARN_CONSTANT_CONVERSION = YES;
				CLANG_WARN_DIRECT_OBJC_ISA_USAGE = YES_ERROR;
				CLANG_WARN_DOCUMENTATION_COMMENTS = YES;
				CLANG_WARN_EMPTY_BODY = YES;
				CLANG_WARN_ENUM_CONVERSION = YES;
				CLANG_WARN_INFINITE_RECURSION = YES;
				CLANG_WARN_INT_CONVERSION = YES;
				CLANG_WARN_NON_LITERAL_NULL_CONVERSION = YES;
				CLANG_WARN_OBJC_LITERAL_CONVERSION = YES;
				CLANG_WARN_OBJC_ROOT_CLASS = YES_ERROR;
				CLANG_WARN_RANGE_LOOP_ANALYSIS = YES;
				CLANG_WARN_STRICT_PROTOTYPES = YES;
				CLANG_WARN_SUSPICIOUS_MOVE = YES;
				CLANG_WARN_UNGUARDED_AVAILABILITY = YES_AGGRESSIVE;
				CLANG_WARN_UNREACHABLE_CODE = YES;
				CLANG_WARN__DUPLICATE_METHOD_MATCH = YES;
				CODE_SIGN_IDENTITY = "Mac Developer";
				COPY_PHASE_STRIP = NO;
				DEBUG_INFORMATION_FORMAT = dwarf;
				ENABLE_STRICT_OBJC_MSGSEND = YES;
				ENABLE_TESTABILITY = YES;
				GCC_C_LANGUAGE_STANDARD = gnu11;
				GCC_DYNAMIC_NO_PIC = NO;
				GCC_NO_COMMON_BLOCKS = YES;
				GCC_OPTIMIZATION_LEVEL = 0;
				GCC_PREPROCESSOR_DEFINITIONS = (
					"DEBUG=1",
					"$(inherited)",
				);
				GCC_WARN_64_TO_32_BIT_CONVERSION = YES;
				GCC_WARN_ABOUT_RETURN_TYPE = YES_ERROR;
				GCC_WARN_UNDECLARED_SELECTOR = YES;
				GCC_WARN_UNINITIALIZED_AUTOS = YES_AGGRESSIVE;
				GCC_WARN_UNUSED_FUNCTION = YES;
				GCC_WARN_UNUSED_VARIABLE = YES;
				MACOSX_DEPLOYMENT_TARGET = 10.13;
				MTL_ENABLE_DEBUG_INFO = YES;
				ONLY_ACTIVE_ARCH = YES;
				SDKROOT = macosx;
				SWIFT_ACTIVE_COMPILATION_CONDITIONS = DEBUG;
				SWIFT_OPTIMIZATION_LEVEL = "-Onone";
			};
			name = Debug;
		};
		9F31F3251FC0A08600A01E77 /* Release */ = {
			isa = XCBuildConfiguration;
			buildSettings = {
				ALWAYS_SEARCH_USER_PATHS = NO;
				CLANG_ANALYZER_NONNULL = YES;
				CLANG_ANALYZER_NUMBER_OBJECT_CONVERSION = YES_AGGRESSIVE;
				CLANG_CXX_LANGUAGE_STANDARD = "gnu++14";
				CLANG_CXX_LIBRARY = "libc++";
				CLANG_ENABLE_MODULES = YES;
				CLANG_ENABLE_OBJC_ARC = YES;
				CLANG_WARN_BLOCK_CAPTURE_AUTORELEASING = YES;
				CLANG_WARN_BOOL_CONVERSION = YES;
				CLANG_WARN_COMMA = YES;
				CLANG_WARN_CONSTANT_CONVERSION = YES;
				CLANG_WARN_DIRECT_OBJC_ISA_USAGE = YES_ERROR;
				CLANG_WARN_DOCUMENTATION_COMMENTS = YES;
				CLANG_WARN_EMPTY_BODY = YES;
				CLANG_WARN_ENUM_CONVERSION = YES;
				CLANG_WARN_INFINITE_RECURSION = YES;
				CLANG_WARN_INT_CONVERSION = YES;
				CLANG_WARN_NON_LITERAL_NULL_CONVERSION = YES;
				CLANG_WARN_OBJC_LITERAL_CONVERSION = YES;
				CLANG_WARN_OBJC_ROOT_CLASS = YES_ERROR;
				CLANG_WARN_RANGE_LOOP_ANALYSIS = YES;
				CLANG_WARN_STRICT_PROTOTYPES = YES;
				CLANG_WARN_SUSPICIOUS_MOVE = YES;
				CLANG_WARN_UNGUARDED_AVAILABILITY = YES_AGGRESSIVE;
				CLANG_WARN_UNREACHABLE_CODE = YES;
				CLANG_WARN__DUPLICATE_METHOD_MATCH = YES;
				CODE_SIGN_IDENTITY = "Mac Developer";
				COPY_PHASE_STRIP = NO;
				DEBUG_INFORMATION_FORMAT = "dwarf-with-dsym";
				ENABLE_NS_ASSERTIONS = NO;
				ENABLE_STRICT_OBJC_MSGSEND = YES;
				GCC_C_LANGUAGE_STANDARD = gnu11;
				GCC_NO_COMMON_BLOCKS = YES;
				GCC_WARN_64_TO_32_BIT_CONVERSION = YES;
				GCC_WARN_ABOUT_RETURN_TYPE = YES_ERROR;
				GCC_WARN_UNDECLARED_SELECTOR = YES;
				GCC_WARN_UNINITIALIZED_AUTOS = YES_AGGRESSIVE;
				GCC_WARN_UNUSED_FUNCTION = YES;
				GCC_WARN_UNUSED_VARIABLE = YES;
				MACOSX_DEPLOYMENT_TARGET = 10.13;
				MTL_ENABLE_DEBUG_INFO = NO;
				SDKROOT = macosx;
				SWIFT_OPTIMIZATION_LEVEL = "-Owholemodule";
			};
			name = Release;
		};
		9F31F3271FC0A08600A01E77 /* Debug */ = {
			isa = XCBuildConfiguration;
			buildSettings = {
				CODE_SIGN_IDENTITY = "Mac Developer";
				CODE_SIGN_STYLE = Manual;
				DEVELOPMENT_TEAM = "";
				MACOSX_DEPLOYMENT_TARGET = 10.10;
				PRODUCT_NAME = "$(TARGET_NAME)";
				PROVISIONING_PROFILE_SPECIFIER = "";
				SWIFT_VERSION = 4.0;
			};
			name = Debug;
		};
		9F31F3281FC0A08600A01E77 /* Release */ = {
			isa = XCBuildConfiguration;
			buildSettings = {
				CODE_SIGN_IDENTITY = "Mac Developer";
				CODE_SIGN_STYLE = Manual;
				DEVELOPMENT_TEAM = "";
				MACOSX_DEPLOYMENT_TARGET = 10.10;
				PRODUCT_NAME = "$(TARGET_NAME)";
				PROVISIONING_PROFILE_SPECIFIER = "";
				SWIFT_VERSION = 4.0;
			};
			name = Release;
		};
/* End XCBuildConfiguration section */

/* Begin XCConfigurationList section */
		9F31F31A1FC0A08600A01E77 /* Build configuration list for PBXProject "skyplug" */ = {
			isa = XCConfigurationList;
			buildConfigurations = (
				9F31F3241FC0A08600A01E77 /* Debug */,
				9F31F3251FC0A08600A01E77 /* Release */,
			);
			defaultConfigurationIsVisible = 0;
			defaultConfigurationName = Release;
		};
		9F31F3261FC0A08600A01E77 /* Build configuration list for PBXNativeTarget "skyplug" */ = {
			isa = XCConfigurationList;
			buildConfigurations = (
				9F31F3271FC0A08600A01E77 /* Debug */,
				9F31F3281FC0A08600A01E77 /* Release */,
			);
			defaultConfigurationIsVisible = 0;
			defaultConfigurationName = Release;
		};
/* End XCConfigurationList section */
	};
	rootObject = 9F31F3171FC0A08600A01E77 /* Project object */;
}
